// !$*UTF8*$!
{
	archiveVersion = 1;
	classes = {
	};
	objectVersion = 77;
	objects = {

/* Begin PBXBuildFile section */
		07932E242E231BF400844D2B /* ConclaveKit in Frameworks */ = {isa = PBXBuildFile; productRef = 07932E232E231BF400844D2B /* ConclaveKit */; };
		07932E272E231C6200844D2B /* ConclaveKit in Frameworks */ = {isa = PBXBuildFile; productRef = 07932E262E231C6200844D2B /* ConclaveKit */; };
		07932ECE2E2C7C3B00844D2B /* Clerk in Frameworks */ = {isa = PBXBuildFile; productRef = 07932ECD2E2C7C3B00844D2B /* Clerk */; };
/* End PBXBuildFile section */

/* Begin PBXContainerItemProxy section */
		07932E032E23062000844D2B /* PBXContainerItemProxy */ = {
			isa = PBXContainerItemProxy;
			containerPortal = 07932DEB2E23061F00844D2B /* Project object */;
			proxyType = 1;
			remoteGlobalIDString = 07932DF22E23061F00844D2B;
			remoteInfo = Conclave;
		};
		07932E0D2E23062000844D2B /* PBXContainerItemProxy */ = {
			isa = PBXContainerItemProxy;
			containerPortal = 07932DEB2E23061F00844D2B /* Project object */;
			proxyType = 1;
			remoteGlobalIDString = 07932DF22E23061F00844D2B;
			remoteInfo = Conclave;
		};
/* End PBXContainerItemProxy section */

/* Begin PBXFileReference section */
		07932DF32E23061F00844D2B /* Conclave.app */ = {isa = PBXFileReference; explicitFileType = wrapper.application; includeInIndex = 0; path = Conclave.app; sourceTree = BUILT_PRODUCTS_DIR; };
		07932E022E23062000844D2B /* ConclaveTests.xctest */ = {isa = PBXFileReference; explicitFileType = wrapper.cfbundle; includeInIndex = 0; path = ConclaveTests.xctest; sourceTree = BUILT_PRODUCTS_DIR; };
		07932E0C2E23062000844D2B /* ConclaveUITests.xctest */ = {isa = PBXFileReference; explicitFileType = wrapper.cfbundle; includeInIndex = 0; path = ConclaveUITests.xctest; sourceTree = BUILT_PRODUCTS_DIR; };
/* End PBXFileReference section */

/* Begin PBXFileSystemSynchronizedRootGroup section */
		07932DF52E23061F00844D2B /* Conclave */ = {
			isa = PBXFileSystemSynchronizedRootGroup;
			path = Conclave;
			sourceTree = "<group>";
		};
		07932E052E23062000844D2B /* ConclaveTests */ = {
			isa = PBXFileSystemSynchronizedRootGroup;
			path = ConclaveTests;
			sourceTree = "<group>";
		};
		07932E0F2E23062000844D2B /* ConclaveUITests */ = {
			isa = PBXFileSystemSynchronizedRootGroup;
			path = ConclaveUITests;
			sourceTree = "<group>";
		};
/* End PBXFileSystemSynchronizedRootGroup section */

/* Begin PBXFrameworksBuildPhase section */
		07932DF02E23061F00844D2B /* Frameworks */ = {
			isa = PBXFrameworksBuildPhase;
			buildActionMask = 2147483647;
			files = (
				07932ECE2E2C7C3B00844D2B /* Clerk in Frameworks */,
				07932E242E231BF400844D2B /* ConclaveKit in Frameworks */,
				07932E272E231C6200844D2B /* ConclaveKit in Frameworks */,
			);
			runOnlyForDeploymentPostprocessing = 0;
		};
		07932DFF2E23062000844D2B /* Frameworks */ = {
			isa = PBXFrameworksBuildPhase;
			buildActionMask = 2147483647;
			files = (
			);
			runOnlyForDeploymentPostprocessing = 0;
		};
		07932E092E23062000844D2B /* Frameworks */ = {
			isa = PBXFrameworksBuildPhase;
			buildActionMask = 2147483647;
			files = (
			);
			runOnlyForDeploymentPostprocessing = 0;
		};
/* End PBXFrameworksBuildPhase section */

/* Begin PBXGroup section */
		07932DEA2E23061F00844D2B = {
			isa = PBXGroup;
			children = (
				07932DF52E23061F00844D2B /* Conclave */,
				07932E052E23062000844D2B /* ConclaveTests */,
				07932E0F2E23062000844D2B /* ConclaveUITests */,
				07932DF42E23061F00844D2B /* Products */,
			);
			sourceTree = "<group>";
		};
		07932DF42E23061F00844D2B /* Products */ = {
			isa = PBXGroup;
			children = (
				07932DF32E23061F00844D2B /* Conclave.app */,
				07932E022E23062000844D2B /* ConclaveTests.xctest */,
				07932E0C2E23062000844D2B /* ConclaveUITests.xctest */,
			);
			name = Products;
			sourceTree = "<group>";
		};
/* End PBXGroup section */

/* Begin PBXNativeTarget section */
		07932DF22E23061F00844D2B /* Conclave */ = {
			isa = PBXNativeTarget;
			buildConfigurationList = 07932E162E23062000844D2B /* Build configuration list for PBXNativeTarget "Conclave" */;
			buildPhases = (
				07932DEF2E23061F00844D2B /* Sources */,
				07932DF02E23061F00844D2B /* Frameworks */,
				07932DF12E23061F00844D2B /* Resources */,
			);
			buildRules = (
			);
			dependencies = (
			);
			fileSystemSynchronizedGroups = (
				07932DF52E23061F00844D2B /* Conclave */,
			);
			name = Conclave;
			packageProductDependencies = (
				07932E232E231BF400844D2B /* ConclaveKit */,
				07932E262E231C6200844D2B /* ConclaveKit */,
				07932ECD2E2C7C3B00844D2B /* Clerk */,
			);
			productName = Conclave;
			productReference = 07932DF32E23061F00844D2B /* Conclave.app */;
			productType = "com.apple.product-type.application";
		};
		07932E012E23062000844D2B /* ConclaveTests */ = {
			isa = PBXNativeTarget;
			buildConfigurationList = 07932E192E23062000844D2B /* Build configuration list for PBXNativeTarget "ConclaveTests" */;
			buildPhases = (
				07932DFE2E23062000844D2B /* Sources */,
				07932DFF2E23062000844D2B /* Frameworks */,
				07932E002E23062000844D2B /* Resources */,
			);
			buildRules = (
			);
			dependencies = (
				07932E042E23062000844D2B /* PBXTargetDependency */,
			);
			fileSystemSynchronizedGroups = (
				07932E052E23062000844D2B /* ConclaveTests */,
			);
			name = ConclaveTests;
			packageProductDependencies = (
			);
			productName = ConclaveTests;
			productReference = 07932E022E23062000844D2B /* ConclaveTests.xctest */;
			productType = "com.apple.product-type.bundle.unit-test";
		};
		07932E0B2E23062000844D2B /* ConclaveUITests */ = {
			isa = PBXNativeTarget;
			buildConfigurationList = 07932E1C2E23062000844D2B /* Build configuration list for PBXNativeTarget "ConclaveUITests" */;
			buildPhases = (
				07932E082E23062000844D2B /* Sources */,
				07932E092E23062000844D2B /* Frameworks */,
				07932E0A2E23062000844D2B /* Resources */,
			);
			buildRules = (
			);
			dependencies = (
				07932E0E2E23062000844D2B /* PBXTargetDependency */,
			);
			fileSystemSynchronizedGroups = (
				07932E0F2E23062000844D2B /* ConclaveUITests */,
			);
			name = ConclaveUITests;
			packageProductDependencies = (
			);
			productName = ConclaveUITests;
			productReference = 07932E0C2E23062000844D2B /* ConclaveUITests.xctest */;
			productType = "com.apple.product-type.bundle.ui-testing";
		};
/* End PBXNativeTarget section */

/* Begin PBXProject section */
		07932DEB2E23061F00844D2B /* Project object */ = {
			isa = PBXProject;
			attributes = {
				BuildIndependentTargetsInParallel = 1;
				LastSwiftUpdateCheck = 1640;
				LastUpgradeCheck = 1640;
				TargetAttributes = {
					07932DF22E23061F00844D2B = {
						CreatedOnToolsVersion = 16.4;
					};
					07932E012E23062000844D2B = {
						CreatedOnToolsVersion = 16.4;
						TestTargetID = 07932DF22E23061F00844D2B;
					};
					07932E0B2E23062000844D2B = {
						CreatedOnToolsVersion = 16.4;
						TestTargetID = 07932DF22E23061F00844D2B;
					};
				};
			};
			buildConfigurationList = 07932DEE2E23061F00844D2B /* Build configuration list for PBXProject "Conclave" */;
			developmentRegion = en;
			hasScannedForEncodings = 0;
			knownRegions = (
				en,
				Base,
			);
			mainGroup = 07932DEA2E23061F00844D2B;
			minimizedProjectReferenceProxies = 1;
			packageReferences = (
				07932E252E231C6200844D2B /* XCLocalSwiftPackageReference "Packages/ConclaveKit" */,
				07932ECC2E2C7C3B00844D2B /* XCRemoteSwiftPackageReference "clerk-ios" */,
			);
			preferredProjectObjectVersion = 77;
			productRefGroup = 07932DF42E23061F00844D2B /* Products */;
			projectDirPath = "";
			projectRoot = "";
			targets = (
				07932DF22E23061F00844D2B /* Conclave */,
				07932E012E23062000844D2B /* ConclaveTests */,
				07932E0B2E23062000844D2B /* ConclaveUITests */,
			);
		};
/* End PBXProject section */

/* Begin PBXResourcesBuildPhase section */
		07932DF12E23061F00844D2B /* Resources */ = {
			isa = PBXResourcesBuildPhase;
			buildActionMask = 2147483647;
			files = (
			);
			runOnlyForDeploymentPostprocessing = 0;
		};
		07932E002E23062000844D2B /* Resources */ = {
			isa = PBXResourcesBuildPhase;
			buildActionMask = 2147483647;
			files = (
			);
			runOnlyForDeploymentPostprocessing = 0;
		};
		07932E0A2E23062000844D2B /* Resources */ = {
			isa = PBXResourcesBuildPhase;
			buildActionMask = 2147483647;
			files = (
			);
			runOnlyForDeploymentPostprocessing = 0;
		};
/* End PBXResourcesBuildPhase section */

/* Begin PBXSourcesBuildPhase section */
		07932DEF2E23061F00844D2B /* Sources */ = {
			isa = PBXSourcesBuildPhase;
			buildActionMask = 2147483647;
			files = (
			);
			runOnlyForDeploymentPostprocessing = 0;
		};
		07932DFE2E23062000844D2B /* Sources */ = {
			isa = PBXSourcesBuildPhase;
			buildActionMask = 2147483647;
			files = (
			);
			runOnlyForDeploymentPostprocessing = 0;
		};
		07932E082E23062000844D2B /* Sources */ = {
			isa = PBXSourcesBuildPhase;
			buildActionMask = 2147483647;
			files = (
			);
			runOnlyForDeploymentPostprocessing = 0;
		};
/* End PBXSourcesBuildPhase section */

/* Begin PBXTargetDependency section */
		07932E042E23062000844D2B /* PBXTargetDependency */ = {
			isa = PBXTargetDependency;
			target = 07932DF22E23061F00844D2B /* Conclave */;
			targetProxy = 07932E032E23062000844D2B /* PBXContainerItemProxy */;
		};
		07932E0E2E23062000844D2B /* PBXTargetDependency */ = {
			isa = PBXTargetDependency;
			target = 07932DF22E23061F00844D2B /* Conclave */;
			targetProxy = 07932E0D2E23062000844D2B /* PBXContainerItemProxy */;
		};
/* End PBXTargetDependency section */

/* Begin XCBuildConfiguration section */
		07932E142E23062000844D2B /* Debug */ = {
			isa = XCBuildConfiguration;
			buildSettings = {
				ALWAYS_SEARCH_USER_PATHS = NO;
				ASSETCATALOG_COMPILER_GENERATE_SWIFT_ASSET_SYMBOL_EXTENSIONS = YES;
				CLANG_ANALYZER_NONNULL = YES;
				CLANG_ANALYZER_NUMBER_OBJECT_CONVERSION = YES_AGGRESSIVE;
				CLANG_CXX_LANGUAGE_STANDARD = "gnu++20";
				CLANG_ENABLE_MODULES = YES;
				CLANG_ENABLE_OBJC_ARC = YES;
				CLANG_ENABLE_OBJC_WEAK = YES;
				CLANG_WARN_BLOCK_CAPTURE_AUTORELEASING = YES;
				CLANG_WARN_BOOL_CONVERSION = YES;
				CLANG_WARN_COMMA = YES;
				CLANG_WARN_CONSTANT_CONVERSION = YES;
				CLANG_WARN_DEPRECATED_OBJC_IMPLEMENTATIONS = YES;
				CLANG_WARN_DIRECT_OBJC_ISA_USAGE = YES_ERROR;
				CLANG_WARN_DOCUMENTATION_COMMENTS = YES;
				CLANG_WARN_EMPTY_BODY = YES;
				CLANG_WARN_ENUM_CONVERSION = YES;
				CLANG_WARN_INFINITE_RECURSION = YES;
				CLANG_WARN_INT_CONVERSION = YES;
				CLANG_WARN_NON_LITERAL_NULL_CONVERSION = YES;
				CLANG_WARN_OBJC_IMPLICIT_RETAIN_SELF = YES;
				CLANG_WARN_OBJC_LITERAL_CONVERSION = YES;
				CLANG_WARN_OBJC_ROOT_CLASS = YES_ERROR;
				CLANG_WARN_QUOTED_INCLUDE_IN_FRAMEWORK_HEADER = YES;
				CLANG_WARN_RANGE_LOOP_ANALYSIS = YES;
				CLANG_WARN_STRICT_PROTOTYPES = YES;
				CLANG_WARN_SUSPICIOUS_MOVE = YES;
				CLANG_WARN_UNGUARDED_AVAILABILITY = YES_AGGRESSIVE;
				CLANG_WARN_UNREACHABLE_CODE = YES;
				CLANG_WARN__DUPLICATE_METHOD_MATCH = YES;
				COPY_PHASE_STRIP = NO;
				DEBUG_INFORMATION_FORMAT = dwarf;
				ENABLE_STRICT_OBJC_MSGSEND = YES;
				ENABLE_TESTABILITY = YES;
				ENABLE_USER_SCRIPT_SANDBOXING = YES;
				GCC_C_LANGUAGE_STANDARD = gnu17;
				GCC_DYNAMIC_NO_PIC = NO;
				GCC_NO_COMMON_BLOCKS = YES;
				GCC_OPTIMIZATION_LEVEL = 0;
				GCC_PREPROCESSOR_DEFINITIONS = (
					"DEBUG=1",
					"$(inherited)",
				);
				GCC_WARN_64_TO_32_BIT_CONVERSION = YES;
				GCC_WARN_ABOUT_RETURN_TYPE = YES_ERROR;
				GCC_WARN_UNDECLARED_SELECTOR = YES;
				GCC_WARN_UNINITIALIZED_AUTOS = YES_AGGRESSIVE;
				GCC_WARN_UNUSED_FUNCTION = YES;
				GCC_WARN_UNUSED_VARIABLE = YES;
				IPHONEOS_DEPLOYMENT_TARGET = 18.5;
				LOCALIZATION_PREFERS_STRING_CATALOGS = YES;
				MTL_ENABLE_DEBUG_INFO = INCLUDE_SOURCE;
				MTL_FAST_MATH = YES;
				ONLY_ACTIVE_ARCH = YES;
				SDKROOT = iphoneos;
				SWIFT_ACTIVE_COMPILATION_CONDITIONS = "DEBUG $(inherited)";
				SWIFT_OPTIMIZATION_LEVEL = "-Onone";
			};
			name = Debug;
		};
		07932E152E23062000844D2B /* Release */ = {
			isa = XCBuildConfiguration;
			buildSettings = {
				ALWAYS_SEARCH_USER_PATHS = NO;
				ASSETCATALOG_COMPILER_GENERATE_SWIFT_ASSET_SYMBOL_EXTENSIONS = YES;
				CLANG_ANALYZER_NONNULL = YES;
				CLANG_ANALYZER_NUMBER_OBJECT_CONVERSION = YES_AGGRESSIVE;
				CLANG_CXX_LANGUAGE_STANDARD = "gnu++20";
				CLANG_ENABLE_MODULES = YES;
				CLANG_ENABLE_OBJC_ARC = YES;
				CLANG_ENABLE_OBJC_WEAK = YES;
				CLANG_WARN_BLOCK_CAPTURE_AUTORELEASING = YES;
				CLANG_WARN_BOOL_CONVERSION = YES;
				CLANG_WARN_COMMA = YES;
				CLANG_WARN_CONSTANT_CONVERSION = YES;
				CLANG_WARN_DEPRECATED_OBJC_IMPLEMENTATIONS = YES;
				CLANG_WARN_DIRECT_OBJC_ISA_USAGE = YES_ERROR;
				CLANG_WARN_DOCUMENTATION_COMMENTS = YES;
				CLANG_WARN_EMPTY_BODY = YES;
				CLANG_WARN_ENUM_CONVERSION = YES;
				CLANG_WARN_INFINITE_RECURSION = YES;
				CLANG_WARN_INT_CONVERSION = YES;
				CLANG_WARN_NON_LITERAL_NULL_CONVERSION = YES;
				CLANG_WARN_OBJC_IMPLICIT_RETAIN_SELF = YES;
				CLANG_WARN_OBJC_LITERAL_CONVERSION = YES;
				CLANG_WARN_OBJC_ROOT_CLASS = YES_ERROR;
				CLANG_WARN_QUOTED_INCLUDE_IN_FRAMEWORK_HEADER = YES;
				CLANG_WARN_RANGE_LOOP_ANALYSIS = YES;
				CLANG_WARN_STRICT_PROTOTYPES = YES;
				CLANG_WARN_SUSPICIOUS_MOVE = YES;
				CLANG_WARN_UNGUARDED_AVAILABILITY = YES_AGGRESSIVE;
				CLANG_WARN_UNREACHABLE_CODE = YES;
				CLANG_WARN__DUPLICATE_METHOD_MATCH = YES;
				COPY_PHASE_STRIP = NO;
				DEBUG_INFORMATION_FORMAT = "dwarf-with-dsym";
				ENABLE_NS_ASSERTIONS = NO;
				ENABLE_STRICT_OBJC_MSGSEND = YES;
				ENABLE_USER_SCRIPT_SANDBOXING = YES;
				GCC_C_LANGUAGE_STANDARD = gnu17;
				GCC_NO_COMMON_BLOCKS = YES;
				GCC_WARN_64_TO_32_BIT_CONVERSION = YES;
				GCC_WARN_ABOUT_RETURN_TYPE = YES_ERROR;
				GCC_WARN_UNDECLARED_SELECTOR = YES;
				GCC_WARN_UNINITIALIZED_AUTOS = YES_AGGRESSIVE;
				GCC_WARN_UNUSED_FUNCTION = YES;
				GCC_WARN_UNUSED_VARIABLE = YES;
				IPHONEOS_DEPLOYMENT_TARGET = 18.5;
				LOCALIZATION_PREFERS_STRING_CATALOGS = YES;
				MTL_ENABLE_DEBUG_INFO = NO;
				MTL_FAST_MATH = YES;
				SDKROOT = iphoneos;
				SWIFT_COMPILATION_MODE = wholemodule;
				VALIDATE_PRODUCT = YES;
			};
			name = Release;
		};
		07932E172E23062000844D2B /* Debug */ = {
			isa = XCBuildConfiguration;
			buildSettings = {
				ASSETCATALOG_COMPILER_APPICON_NAME = AppIcon;
				ASSETCATALOG_COMPILER_GLOBAL_ACCENT_COLOR_NAME = AccentColor;
				CODE_SIGN_STYLE = Automatic;
				CURRENT_PROJECT_VERSION = 1;
				ENABLE_PREVIEWS = YES;
				GENERATE_INFOPLIST_FILE = YES;
				INFOPLIST_KEY_CFBundleDisplayName = Conclave;
				INFOPLIST_KEY_UIApplicationSceneManifest_Generation = YES;
				INFOPLIST_KEY_UIApplicationSupportsIndirectInputEvents = YES;
				INFOPLIST_KEY_UILaunchScreen_Generation = YES;
				INFOPLIST_KEY_UIRequiresFullScreen = YES;
				INFOPLIST_KEY_UIStatusBarHidden = YES;
				INFOPLIST_KEY_UIStatusBarStyle = "";
				INFOPLIST_KEY_UISupportedInterfaceOrientations_iPad = "UIInterfaceOrientationPortrait UIInterfaceOrientationPortraitUpsideDown UIInterfaceOrientationLandscapeLeft UIInterfaceOrientationLandscapeRight";
				INFOPLIST_KEY_UISupportedInterfaceOrientations_iPhone = UIInterfaceOrientationPortrait;
				IPHONEOS_DEPLOYMENT_TARGET = 18.0;
				LD_RUNPATH_SEARCH_PATHS = (
					"$(inherited)",
					"@executable_path/Frameworks",
				);
				MARKETING_VERSION = 1.0;
				PRODUCT_BUNDLE_IDENTIFIER = com.conclave.Conclave;
				PRODUCT_NAME = "$(TARGET_NAME)";
				SUPPORTED_PLATFORMS = "iphoneos iphonesimulator";
				SUPPORTS_MACCATALYST = NO;
				SUPPORTS_MAC_DESIGNED_FOR_IPHONE_IPAD = NO;
				SUPPORTS_XR_DESIGNED_FOR_IPHONE_IPAD = NO;
				SWIFT_EMIT_LOC_STRINGS = YES;
				SWIFT_VERSION = 5.0;
				TARGETED_DEVICE_FAMILY = "1,2";
			};
			name = Debug;
		};
		07932E182E23062000844D2B /* Release */ = {
			isa = XCBuildConfiguration;
			buildSettings = {
				ASSETCATALOG_COMPILER_APPICON_NAME = AppIcon;
				ASSETCATALOG_COMPILER_GLOBAL_ACCENT_COLOR_NAME = AccentColor;
				CODE_SIGN_STYLE = Automatic;
				CURRENT_PROJECT_VERSION = 1;
				ENABLE_PREVIEWS = YES;
				GENERATE_INFOPLIST_FILE = YES;
				INFOPLIST_KEY_CFBundleDisplayName = Conclave;
				INFOPLIST_KEY_UIApplicationSceneManifest_Generation = YES;
				INFOPLIST_KEY_UIApplicationSupportsIndirectInputEvents = YES;
				INFOPLIST_KEY_UILaunchScreen_Generation = YES;
				INFOPLIST_KEY_UIRequiresFullScreen = YES;
				INFOPLIST_KEY_UIStatusBarHidden = YES;
				INFOPLIST_KEY_UIStatusBarStyle = "";
				INFOPLIST_KEY_UISupportedInterfaceOrientations_iPad = "UIInterfaceOrientationPortrait UIInterfaceOrientationPortraitUpsideDown UIInterfaceOrientationLandscapeLeft UIInterfaceOrientationLandscapeRight";
				INFOPLIST_KEY_UISupportedInterfaceOrientations_iPhone = UIInterfaceOrientationPortrait;
				IPHONEOS_DEPLOYMENT_TARGET = 18.0;
				LD_RUNPATH_SEARCH_PATHS = (
					"$(inherited)",
					"@executable_path/Frameworks",
				);
				MARKETING_VERSION = 1.0;
				PRODUCT_BUNDLE_IDENTIFIER = com.conclave.Conclave;
				PRODUCT_NAME = "$(TARGET_NAME)";
				SUPPORTED_PLATFORMS = "iphoneos iphonesimulator";
				SUPPORTS_MACCATALYST = NO;
				SUPPORTS_MAC_DESIGNED_FOR_IPHONE_IPAD = NO;
				SUPPORTS_XR_DESIGNED_FOR_IPHONE_IPAD = NO;
				SWIFT_EMIT_LOC_STRINGS = YES;
				SWIFT_VERSION = 5.0;
				TARGETED_DEVICE_FAMILY = "1,2";
			};
			name = Release;
		};
		07932E1A2E23062000844D2B /* Debug */ = {
			isa = XCBuildConfiguration;
			buildSettings = {
				BUNDLE_LOADER = "$(TEST_HOST)";
				CODE_SIGN_STYLE = Automatic;
				CURRENT_PROJECT_VERSION = 1;
				GENERATE_INFOPLIST_FILE = YES;
				IPHONEOS_DEPLOYMENT_TARGET = 18.5;
				MARKETING_VERSION = 1.0;
				PRODUCT_BUNDLE_IDENTIFIER = com.conclave.ConclaveTests;
				PRODUCT_NAME = "$(TARGET_NAME)";
				SWIFT_EMIT_LOC_STRINGS = NO;
				SWIFT_VERSION = 5.0;
				TARGETED_DEVICE_FAMILY = "1,2";
				TEST_HOST = "$(BUILT_PRODUCTS_DIR)/Conclave.app/$(BUNDLE_EXECUTABLE_FOLDER_PATH)/Conclave";
			};
			name = Debug;
		};
		07932E1B2E23062000844D2B /* Release */ = {
			isa = XCBuildConfiguration;
			buildSettings = {
				BUNDLE_LOADER = "$(TEST_HOST)";
				CODE_SIGN_STYLE = Automatic;
				CURRENT_PROJECT_VERSION = 1;
				GENERATE_INFOPLIST_FILE = YES;
				IPHONEOS_DEPLOYMENT_TARGET = 18.5;
				MARKETING_VERSION = 1.0;
				PRODUCT_BUNDLE_IDENTIFIER = com.conclave.ConclaveTests;
				PRODUCT_NAME = "$(TARGET_NAME)";
				SWIFT_EMIT_LOC_STRINGS = NO;
				SWIFT_VERSION = 5.0;
				TARGETED_DEVICE_FAMILY = "1,2";
				TEST_HOST = "$(BUILT_PRODUCTS_DIR)/Conclave.app/$(BUNDLE_EXECUTABLE_FOLDER_PATH)/Conclave";
			};
			name = Release;
		};
		07932E1D2E23062000844D2B /* Debug */ = {
			isa = XCBuildConfiguration;
			buildSettings = {
				CODE_SIGN_STYLE = Automatic;
				CURRENT_PROJECT_VERSION = 1;
				GENERATE_INFOPLIST_FILE = YES;
				MARKETING_VERSION = 1.0;
				PRODUCT_BUNDLE_IDENTIFIER = com.conclave.ConclaveUITests;
				PRODUCT_NAME = "$(TARGET_NAME)";
				SWIFT_EMIT_LOC_STRINGS = NO;
				SWIFT_VERSION = 5.0;
				TARGETED_DEVICE_FAMILY = "1,2";
				TEST_TARGET_NAME = Conclave;
			};
			name = Debug;
		};
		07932E1E2E23062000844D2B /* Release */ = {
			isa = XCBuildConfiguration;
			buildSettings = {
				CODE_SIGN_STYLE = Automatic;
				CURRENT_PROJECT_VERSION = 1;
				GENERATE_INFOPLIST_FILE = YES;
				MARKETING_VERSION = 1.0;
				PRODUCT_BUNDLE_IDENTIFIER = com.conclave.ConclaveUITests;
				PRODUCT_NAME = "$(TARGET_NAME)";
				SWIFT_EMIT_LOC_STRINGS = NO;
				SWIFT_VERSION = 5.0;
				TARGETED_DEVICE_FAMILY = "1,2";
				TEST_TARGET_NAME = Conclave;
			};
			name = Release;
		};
/* End XCBuildConfiguration section */

/* Begin XCConfigurationList section */
		07932DEE2E23061F00844D2B /* Build configuration list for PBXProject "Conclave" */ = {
			isa = XCConfigurationList;
			buildConfigurations = (
				07932E142E23062000844D2B /* Debug */,
				07932E152E23062000844D2B /* Release */,
			);
			defaultConfigurationIsVisible = 0;
			defaultConfigurationName = Release;
		};
		07932E162E23062000844D2B /* Build configuration list for PBXNativeTarget "Conclave" */ = {
			isa = XCConfigurationList;
			buildConfigurations = (
				07932E172E23062000844D2B /* Debug */,
				07932E182E23062000844D2B /* Release */,
			);
			defaultConfigurationIsVisible = 0;
			defaultConfigurationName = Release;
		};
		07932E192E23062000844D2B /* Build configuration list for PBXNativeTarget "ConclaveTests" */ = {
			isa = XCConfigurationList;
			buildConfigurations = (
				07932E1A2E23062000844D2B /* Debug */,
				07932E1B2E23062000844D2B /* Release */,
			);
			defaultConfigurationIsVisible = 0;
			defaultConfigurationName = Release;
		};
		07932E1C2E23062000844D2B /* Build configuration list for PBXNativeTarget "ConclaveUITests" */ = {
			isa = XCConfigurationList;
			buildConfigurations = (
				07932E1D2E23062000844D2B /* Debug */,
				07932E1E2E23062000844D2B /* Release */,
			);
			defaultConfigurationIsVisible = 0;
			defaultConfigurationName = Release;
		};
/* End XCConfigurationList section */

/* Begin XCLocalSwiftPackageReference section */
		07932E252E231C6200844D2B /* XCLocalSwiftPackageReference "Packages/ConclaveKit" */ = {
			isa = XCLocalSwiftPackageReference;
			relativePath = Packages/ConclaveKit;
		};
/* End XCLocalSwiftPackageReference section */

/* Begin XCRemoteSwiftPackageReference section */
		07932ECC2E2C7C3B00844D2B /* XCRemoteSwiftPackageReference "clerk-ios" */ = {
			isa = XCRemoteSwiftPackageReference;
			repositoryURL = "https://github.com/clerk/clerk-ios";
			requirement = {
				kind = upToNextMajorVersion;
				minimumVersion = 0.59.0;
			};
		};
/* End XCRemoteSwiftPackageReference section */

/* Begin XCSwiftPackageProductDependency section */
		07932E232E231BF400844D2B /* ConclaveKit */ = {
			isa = XCSwiftPackageProductDependency;
			productName = ConclaveKit;
		};
		07932E262E231C6200844D2B /* ConclaveKit */ = {
			isa = XCSwiftPackageProductDependency;
			productName = ConclaveKit;
		};
		07932ECD2E2C7C3B00844D2B /* Clerk */ = {
			isa = XCSwiftPackageProductDependency;
			package = 07932ECC2E2C7C3B00844D2B /* XCRemoteSwiftPackageReference "clerk-ios" */;
			productName = Clerk;
		};
/* End XCSwiftPackageProductDependency section */
	};
	rootObject = 07932DEB2E23061F00844D2B /* Project object */;
}
